
Microsoft Visual Studio Solution File, Format Version 12.00
# Visual Studio 15
VisualStudioVersion = 15.0.28307.136
MinimumVisualStudioVersion = 10.0.40219.1
Project("{FAE04EC0-301F-11D3-BF4B-00C04F79EFBC}") = "ALT+R_Management_Library", "ALT+R_Management_Library\ALT+R_Management_Library.csproj", "{7FFCF73A-ED2B-4B3B-9E08-05EB98E8D50F}"
EndProject
Project("{FAE04EC0-301F-11D3-BF4B-00C04F79EFBC}") = "ALT+R_WebApi", "ALT+R_WebApi\ALT+R_WebApi.csproj", "{8EF1A3B6-4DB2-41CC-B1E6-4A1F7BC40C62}"
EndProject
Project("{FAE04EC0-301F-11D3-BF4B-00C04F79EFBC}") = "TestApp", "TestApp\TestApp.csproj", "{0BB088F5-8B66-4FA9-B4AA-A545370D277B}"
EndProject
Project("{00D1A9C2-B5F0-4AF3-8072-F6C62B433612}") = "TestDB", "TestDB\TestDB.sqlproj", "{D9F0748A-D915-497A-926F-793860E5B185}"
EndProject
Project("{FAE04EC0-301F-11D3-BF4B-00C04F79EFBC}") = "HtmlProject", "HtmlProject\HtmlProject.csproj", "{084E6ABF-C197-4EB3-B9E0-6CC36D620F7B}"
EndProject
Global
	GlobalSection(SolutionConfigurationPlatforms) = preSolution
		Debug|Any CPU = Debug|Any CPU
		Release|Any CPU = Release|Any CPU
	EndGlobalSection
	GlobalSection(ProjectConfigurationPlatforms) = postSolution
		{7FFCF73A-ED2B-4B3B-9E08-05EB98E8D50F}.Debug|Any CPU.ActiveCfg = Debug|Any CPU
		{7FFCF73A-ED2B-4B3B-9E08-05EB98E8D50F}.Debug|Any CPU.Build.0 = Debug|Any CPU
		{7FFCF73A-ED2B-4B3B-9E08-05EB98E8D50F}.Release|Any CPU.ActiveCfg = Release|Any CPU
		{7FFCF73A-ED2B-4B3B-9E08-05EB98E8D50F}.Release|Any CPU.Build.0 = Release|Any CPU
		{8EF1A3B6-4DB2-41CC-B1E6-4A1F7BC40C62}.Debug|Any CPU.ActiveCfg = Debug|Any CPU
		{8EF1A3B6-4DB2-41CC-B1E6-4A1F7BC40C62}.Debug|Any CPU.Build.0 = Debug|Any CPU
		{8EF1A3B6-4DB2-41CC-B1E6-4A1F7BC40C62}.Release|Any CPU.ActiveCfg = Release|Any CPU
		{8EF1A3B6-4DB2-41CC-B1E6-4A1F7BC40C62}.Release|Any CPU.Build.0 = Release|Any CPU
		{0BB088F5-8B66-4FA9-B4AA-A545370D277B}.Debug|Any CPU.ActiveCfg = Debug|Any CPU
		{0BB088F5-8B66-4FA9-B4AA-A545370D277B}.Debug|Any CPU.Build.0 = Debug|Any CPU
		{0BB088F5-8B66-4FA9-B4AA-A545370D277B}.Release|Any CPU.ActiveCfg = Release|Any CPU
		{0BB088F5-8B66-4FA9-B4AA-A545370D277B}.Release|Any CPU.Build.0 = Release|Any CPU
		{D9F0748A-D915-497A-926F-793860E5B185}.Debug|Any CPU.ActiveCfg = Debug|Any CPU
		{D9F0748A-D915-497A-926F-793860E5B185}.Debug|Any CPU.Build.0 = Debug|Any CPU
		{D9F0748A-D915-497A-926F-793860E5B185}.Debug|Any CPU.Deploy.0 = Debug|Any CPU
		{D9F0748A-D915-497A-926F-793860E5B185}.Release|Any CPU.ActiveCfg = Release|Any CPU
		{D9F0748A-D915-497A-926F-793860E5B185}.Release|Any CPU.Build.0 = Release|Any CPU
		{D9F0748A-D915-497A-926F-793860E5B185}.Release|Any CPU.Deploy.0 = Release|Any CPU
		{084E6ABF-C197-4EB3-B9E0-6CC36D620F7B}.Debug|Any CPU.ActiveCfg = Debug|Any CPU
		{084E6ABF-C197-4EB3-B9E0-6CC36D620F7B}.Debug|Any CPU.Build.0 = Debug|Any CPU
		{084E6ABF-C197-4EB3-B9E0-6CC36D620F7B}.Release|Any CPU.ActiveCfg = Release|Any CPU
		{084E6ABF-C197-4EB3-B9E0-6CC36D620F7B}.Release|Any CPU.Build.0 = Release|Any CPU
	EndGlobalSection
	GlobalSection(SolutionProperties) = preSolution
		HideSolutionNode = FALSE
	EndGlobalSection
	GlobalSection(ExtensibilityGlobals) = postSolution
		SolutionGuid = {E9970382-37AC-4F17-81AD-C86700B8A209}
	EndGlobalSection
EndGlobal
